
Microsoft Visual Studio Solution File, Format Version 12.00
# Visual Studio Version 17
VisualStudioVersion = 17.0.32112.339
MinimumVisualStudioVersion = 10.0.40219.1
Project("{FAE04EC0-301F-11D3-BF4B-00C04F79EFBC}") = "ConsoleApp3", "ConsoleApp3\ConsoleApp3.csproj", "{B8907197-E40E-4200-98F8-7EBE299EBE6D}"
EndProject
Global
	GlobalSection(SolutionConfigurationPlatforms) = preSolution
		Debug|Any CPU = Debug|Any CPU
		Release|Any CPU = Release|Any CPU
	EndGlobalSection
	GlobalSection(ProjectConfigurationPlatforms) = postSolution
		{B8907197-E40E-4200-98F8-7EBE299EBE6D}.Debug|Any CPU.ActiveCfg = Debug|Any CPU
		{B8907197-E40E-4200-98F8-7EBE299EBE6D}.Debug|Any CPU.Build.0 = Debug|Any CPU
		{B8907197-E40E-4200-98F8-7EBE299EBE6D}.Release|Any CPU.ActiveCfg = Release|Any CPU
		{B8907197-E40E-4200-98F8-7EBE299EBE6D}.Release|Any CPU.Build.0 = Release|Any CPU
	EndGlobalSection
	GlobalSection(SolutionProperties) = preSolution
		HideSolutionNode = FALSE
	EndGlobalSection
	GlobalSection(ExtensibilityGlobals) = postSolution
		SolutionGuid = {24CBE8F4-A49C-4C06-AEC8-87FAFF53E142}
	EndGlobalSection
EndGlobal
